{
    "_readme": [
        "This file locks the dependencies of your project to a known state",
        "Read more about it at https://getcomposer.org/doc/01-basic-usage.md#installing-dependencies",
        "This file is @generated automatically"
    ],
    "content-hash": "76f3d37732d1a4f38d9a8d50b71b9ad4",
    "packages": [
        {
            "name": "zoujingli/ip2region",
            "version": "v2.0.4",
            "source": {
                "type": "git",
                "url": "https://github.com/zoujingli/ip2region.git",
                "reference": "21ed5393a93ea62c277d91ee739b2373d60bf16d"
            },
            "dist": {
                "type": "zip",
                "url": "https://api.github.com/repos/zoujingli/ip2region/zipball/21ed5393a93ea62c277d91ee739b2373d60bf16d",
                "reference": "21ed5393a93ea62c277d91ee739b2373d60bf16d",
                "shasum": "",
                "mirrors": [
                    {
                        "url": "https://mirrors.aliyun.com/composer/dists/%package%/%reference%.%type%",
                        "preferred": true
                    }
                ]
            },
            "require": {
                "php": ">=5.4"
            },
            "type": "library",
            "autoload": {
                "classmap": [
                    "Ip2Region.php",
                    "XdbSearcher.php"
                ]
            },
            "notification-url": "https://packagist.org/downloads/",
            "license": [
                "Apache-2.0"
            ],
            "authors": [
                {
                    "name": "Anyon",
                    "email": "zoujingli@qq.com",
                    "homepage": "https://thinkadmin.top"
                }
            ],
            "description": "Ip2Region for PHP",
            "homepage": "https://github.com/zoujingli/Ip2Region",
            "keywords": [
                "Ip2Region"
            ],
            "support": {
                "issues": "https://github.com/zoujingli/ip2region/issues",
                "source": "https://github.com/zoujingli/ip2region/tree/v2.0.4"
            },
            "time": "2023-03-28T02:20:00+00:00"
        }
    ],
    "packages-dev": [],
    "aliases": [],
    "minimum-stability": "stable",
    "stability-flags": [],
    "prefer-stable": false,
    "prefer-lowest": false,
    "platform": [],
    "platform-dev": [],
    "plugin-api-version": "2.1.0"
}
